{
  "version": 4,
  "terraform_version": "1.0.11",
  "serial": 13,
  "lineage": "d7406654-7c23-abb9-9fc5-ffc1ff2d71c6",
  "outputs": {
    "app_data": {
      "value": {
        "app_id": "muthu-raj-12345",
        "auth_domain": "gmail.com",
        "code_bucket": "staging.muthu-raj-12345.appspot.com",
        "database_type": "CLOUD_DATASTORE_COMPATIBILITY",
        "default_bucket": "muthu-raj-12345.appspot.com",
        "default_hostname": "muthu-raj-12345.uc.r.appspot.com",
        "feature_settings": [
          {
            "split_health_checks": true
          }
        ],
        "gcr_domain": "us.gcr.io",
        "iap": [],
        "id": "muthu-raj-12345",
        "location_id": "us-central",
        "name": "apps/muthu-raj-12345",
        "project": "muthu-raj-12345",
        "serving_status": "SERVING",
        "timeouts": null,
        "url_dispatch_rule": []
      },
      "type": [
        "object",
        {
          "app_id": "string",
          "auth_domain": "string",
          "code_bucket": "string",
          "database_type": "string",
          "default_bucket": "string",
          "default_hostname": "string",
          "feature_settings": [
            "list",
            [
              "object",
              {
                "split_health_checks": "bool"
              }
            ]
          ],
          "gcr_domain": "string",
          "iap": [
            "list",
            [
              "object",
              {
                "enabled": "bool",
                "oauth2_client_id": "string",
                "oauth2_client_secret": "string",
                "oauth2_client_secret_sha256": "string"
              }
            ]
          ],
          "id": "string",
          "location_id": "string",
          "name": "string",
          "project": "string",
          "serving_status": "string",
          "timeouts": [
            "object",
            {
              "create": "string",
              "update": "string"
            }
          ],
          "url_dispatch_rule": [
            "list",
            [
              "object",
              {
                "domain": "string",
                "path": "string",
                "service": "string"
              }
            ]
          ]
        }
      ]
    }
  },
  "resources": [
    {
      "module": "module.create_app",
      "mode": "managed",
      "type": "google_app_engine_application",
      "name": "app",
      "provider": "provider[\"registry.terraform.io/hashicorp/google\"]",
      "instances": [
        {
          "schema_version": 0,
          "attributes": {
            "app_id": "muthu-raj-12345",
            "auth_domain": "gmail.com",
            "code_bucket": "staging.muthu-raj-12345.appspot.com",
            "database_type": "CLOUD_DATASTORE_COMPATIBILITY",
            "default_bucket": "muthu-raj-12345.appspot.com",
            "default_hostname": "muthu-raj-12345.uc.r.appspot.com",
            "feature_settings": [
              {
                "split_health_checks": true
              }
            ],
            "gcr_domain": "us.gcr.io",
            "iap": [],
            "id": "muthu-raj-12345",
            "location_id": "us-central",
            "name": "apps/muthu-raj-12345",
            "project": "muthu-raj-12345",
            "serving_status": "SERVING",
            "timeouts": null,
            "url_dispatch_rule": []
          },
          "sensitive_attributes": [],
          "private": "eyJlMmJmYjczMC1lY2FhLTExZTYtOGY4OC0zNDM2M2JjN2M0YzAiOnsiY3JlYXRlIjoyNDAwMDAwMDAwMDAsInVwZGF0ZSI6MjQwMDAwMDAwMDAwfX0=",
          "dependencies": [
            "module.create_app.google_project.my_project"
          ]
        }
      ]
    },
    {
      "module": "module.create_app",
      "mode": "managed",
      "type": "google_project",
      "name": "my_project",
      "provider": "provider[\"registry.terraform.io/hashicorp/google\"]",
      "instances": [
        {
          "schema_version": 1,
          "attributes": {
            "auto_create_network": true,
            "billing_account": "011608-E92558-62B2EC",
            "folder_id": null,
            "id": "projects/muthu-raj-12345",
            "labels": null,
            "name": "muthu-raj-terraform",
            "number": "299483020537",
            "org_id": null,
            "project_id": "muthu-raj-12345",
            "skip_delete": null,
            "timeouts": null
          },
          "sensitive_attributes": [],
          "private": "eyJlMmJmYjczMC1lY2FhLTExZTYtOGY4OC0zNDM2M2JjN2M0YzAiOnsiY3JlYXRlIjo2MDAwMDAwMDAwMDAsImRlbGV0ZSI6NjAwMDAwMDAwMDAwLCJyZWFkIjo2MDAwMDAwMDAwMDAsInVwZGF0ZSI6NjAwMDAwMDAwMDAwfSwic2NoZW1hX3ZlcnNpb24iOiIxIn0="
        }
      ]
    },
    {
      "module": "module.create_app",
      "mode": "managed",
      "type": "google_project_service",
      "name": "app_engine_service",
      "provider": "provider[\"registry.terraform.io/hashicorp/google\"]",
      "instances": [
        {
          "schema_version": 0,
          "attributes": {
            "disable_dependent_services": true,
            "disable_on_destroy": true,
            "id": "muthu-raj-12345/appengine.googleapis.com",
            "project": "muthu-raj-12345",
            "service": "appengine.googleapis.com",
            "timeouts": null
          },
          "sensitive_attributes": [],
          "private": "eyJlMmJmYjczMC1lY2FhLTExZTYtOGY4OC0zNDM2M2JjN2M0YzAiOnsiY3JlYXRlIjoxMjAwMDAwMDAwMDAwLCJkZWxldGUiOjEyMDAwMDAwMDAwMDAsInJlYWQiOjYwMDAwMDAwMDAwMCwidXBkYXRlIjoxMjAwMDAwMDAwMDAwfX0=",
          "dependencies": [
            "module.create_app.google_project.my_project"
          ]
        }
      ]
    }
  ]
}
